
Microsoft Visual Studio Solution File, Format Version 12.00
# Visual Studio Version 16
VisualStudioVersion = 16.0.31005.135
MinimumVisualStudioVersion = 10.0.40219.1
Project("{9A19103F-16F7-4668-BE54-9A1E7A4F7556}") = "AbstractFactoryPattern", "AbstractFactory\AbstractFactoryPattern.csproj", "{CAB0CADD-0C62-4526-A726-35B8A894B3CC}"
EndProject
Project("{9A19103F-16F7-4668-BE54-9A1E7A4F7556}") = "AbstractFactoryPattern2", "AbstractFactoryPattern2\AbstractFactoryPattern2.csproj", "{5A34239D-554A-422A-9179-0D5C25A81A95}"
EndProject
Project("{9A19103F-16F7-4668-BE54-9A1E7A4F7556}") = "AbstractVirtualExample", "AbstractVirtualExample\AbstractVirtualExample.csproj", "{90C87572-0FA8-4410-8ED3-170591015DF4}"
EndProject
Project("{9A19103F-16F7-4668-BE54-9A1E7A4F7556}") = "AdapterPattern1", "AdapterPattern1\AdapterPattern1.csproj", "{E03B7C10-36CD-4C57-9B22-208AE5122101}"
EndProject
Project("{9A19103F-16F7-4668-BE54-9A1E7A4F7556}") = "AggregationExample", "AggregationExample\AggregationExample.csproj", "{B1DD3709-E052-4875-AC2F-FF1573B34E6E}"
EndProject
Project("{9A19103F-16F7-4668-BE54-9A1E7A4F7556}") = "BridgePattern1", "BridgePattern1\BridgePattern1.csproj", "{47FEE82C-AB37-43E1-8D61-FCA57FB8E686}"
EndProject
Project("{9A19103F-16F7-4668-BE54-9A1E7A4F7556}") = "BuilderPattern", "Builder\BuilderPattern.csproj", "{38FFD6CE-8F92-41CA-96ED-6D8E2A2211CB}"
EndProject
Project("{9A19103F-16F7-4668-BE54-9A1E7A4F7556}") = "BuilderPattern2", "BuilderPattern2\BuilderPattern2.csproj", "{7CC8C913-766D-4D43-B578-E435319BEEE2}"
EndProject
Project("{9A19103F-16F7-4668-BE54-9A1E7A4F7556}") = "BuilderPattern3", "BuilderPattern3\BuilderPattern3.csproj", "{81F40B99-BC97-4AE1-AA93-6299958B5ADE}"
EndProject
Project("{9A19103F-16F7-4668-BE54-9A1E7A4F7556}") = "BuilderPattern4", "BuilderPattern4\BuilderPattern4.csproj", "{CF1BE4C4-40FF-42A9-8DDC-86FF2EEF8906}"
EndProject
Project("{9A19103F-16F7-4668-BE54-9A1E7A4F7556}") = "CompositionExample", "CompositionExample\CompositionExample.csproj", "{185BC3AE-7B5F-406D-814C-C615AA38FA91}"
EndProject
Project("{9A19103F-16F7-4668-BE54-9A1E7A4F7556}") = "FactoryMethodPattern", "FactoryMethodPattern\FactoryMethodPattern.csproj", "{C63259AD-A400-437F-9A2E-094557EF8BD7}"
EndProject
Project("{9A19103F-16F7-4668-BE54-9A1E7A4F7556}") = "FactoryMethodPattern2", "FactoryMethodPattern2\FactoryMethodPattern2.csproj", "{50794161-C145-40EB-A34B-A19466087EE8}"
EndProject
Project("{9A19103F-16F7-4668-BE54-9A1E7A4F7556}") = "FactoryMethodPattern3", "FactoryMethodPattern3\FactoryMethodPattern3.csproj", "{1B287472-6AE0-4262-B74C-BDD0B0ED035D}"
EndProject
Project("{9A19103F-16F7-4668-BE54-9A1E7A4F7556}") = "FactoryMethodPattern4", "FactoryMethodPattern4\FactoryMethodPattern4.csproj", "{DEBB199D-941F-4BAC-A865-2E260CB9EB22}"
EndProject
Project("{9A19103F-16F7-4668-BE54-9A1E7A4F7556}") = "PrototypePattern", "PrototypePattern\PrototypePattern.csproj", "{CA5B0CA9-0565-47FE-8954-6BA75092C008}"
EndProject
Project("{9A19103F-16F7-4668-BE54-9A1E7A4F7556}") = "PrototypePattern2", "PrototypePattern2\PrototypePattern2.csproj", "{3E5E60F0-F105-473A-9E14-D049746ABF92}"
EndProject
Project("{9A19103F-16F7-4668-BE54-9A1E7A4F7556}") = "SingletonPattern1", "SingletonPattern1\SingletonPattern1.csproj", "{4F36345A-55DB-4CE5-9E03-0ABB881A2578}"
EndProject
Project("{9A19103F-16F7-4668-BE54-9A1E7A4F7556}") = "SingletonPattern2", "SingletonPattern2\SingletonPattern2.csproj", "{5379D10C-C2C5-45AA-B685-26C54DEC1341}"
EndProject
Project("{9A19103F-16F7-4668-BE54-9A1E7A4F7556}") = "SingletonPattern3", "SingletonPattern3\SingletonPattern3.csproj", "{2A9BD79A-4A8D-4216-8EB7-1864B5C204E6}"
EndProject
Project("{9A19103F-16F7-4668-BE54-9A1E7A4F7556}") = "AdapterPattern2", "AdapterPattern2\AdapterPattern2.csproj", "{BE58576E-BD73-4BDE-A989-7D406F46D52F}"
EndProject
Project("{9A19103F-16F7-4668-BE54-9A1E7A4F7556}") = "CompositePattern1", "CompositePattern1\CompositePattern1.csproj", "{BCDAC9D0-CC66-42A1-90F6-84E232855FB3}"
EndProject
Project("{9A19103F-16F7-4668-BE54-9A1E7A4F7556}") = "CommandPattern1", "CommandPattern1\CommandPattern1.csproj", "{859522D7-D484-4B33-B96C-A27538387DC5}"
EndProject
Project("{9A19103F-16F7-4668-BE54-9A1E7A4F7556}") = "CommandPattern2", "CommandPattern2\CommandPattern2.csproj", "{DCE9948F-3B09-4CB8-A0A8-984FC28E654B}"
EndProject
Project("{9A19103F-16F7-4668-BE54-9A1E7A4F7556}") = "CommandPattern3", "CommandPattern3\CommandPattern3.csproj", "{840C0D48-650F-420A-8C44-9D46BAB85217}"
EndProject
Project("{9A19103F-16F7-4668-BE54-9A1E7A4F7556}") = "DecoratorPattern1", "DecoratorPattern1\DecoratorPattern1.csproj", "{58DBA93A-F71F-4E4A-BE7E-BA54BD83221C}"
EndProject
Project("{9A19103F-16F7-4668-BE54-9A1E7A4F7556}") = "CoR1", "CoR1\CoR1.csproj", "{40D11993-3EC1-42E9-8E8F-45AF41DD6BD5}"
EndProject
Project("{9A19103F-16F7-4668-BE54-9A1E7A4F7556}") = "CoR2", "CoR2\CoR2.csproj", "{B6F4C955-D1A3-4248-BDE7-4A67748705F0}"
EndProject
Project("{9A19103F-16F7-4668-BE54-9A1E7A4F7556}") = "CoR3", "CoR3\CoR3.csproj", "{F3008B2C-CAA2-4238-A128-616EEBD5A7B1}"
EndProject
Project("{FAE04EC0-301F-11D3-BF4B-00C04F79EFBC}") = "DecoratorPattern2", "DecoratorPattern2\DecoratorPattern2.csproj", "{1078CDDE-1605-4DBA-B22D-C8D056795668}"
EndProject
Global
	GlobalSection(SolutionConfigurationPlatforms) = preSolution
		Debug|Any CPU = Debug|Any CPU
		Release|Any CPU = Release|Any CPU
	EndGlobalSection
	GlobalSection(ProjectConfigurationPlatforms) = postSolution
		{CAB0CADD-0C62-4526-A726-35B8A894B3CC}.Debug|Any CPU.ActiveCfg = Debug|Any CPU
		{CAB0CADD-0C62-4526-A726-35B8A894B3CC}.Debug|Any CPU.Build.0 = Debug|Any CPU
		{CAB0CADD-0C62-4526-A726-35B8A894B3CC}.Release|Any CPU.ActiveCfg = Release|Any CPU
		{CAB0CADD-0C62-4526-A726-35B8A894B3CC}.Release|Any CPU.Build.0 = Release|Any CPU
		{5A34239D-554A-422A-9179-0D5C25A81A95}.Debug|Any CPU.ActiveCfg = Debug|Any CPU
		{5A34239D-554A-422A-9179-0D5C25A81A95}.Debug|Any CPU.Build.0 = Debug|Any CPU
		{5A34239D-554A-422A-9179-0D5C25A81A95}.Release|Any CPU.ActiveCfg = Release|Any CPU
		{5A34239D-554A-422A-9179-0D5C25A81A95}.Release|Any CPU.Build.0 = Release|Any CPU
		{90C87572-0FA8-4410-8ED3-170591015DF4}.Debug|Any CPU.ActiveCfg = Debug|Any CPU
		{90C87572-0FA8-4410-8ED3-170591015DF4}.Debug|Any CPU.Build.0 = Debug|Any CPU
		{90C87572-0FA8-4410-8ED3-170591015DF4}.Release|Any CPU.ActiveCfg = Release|Any CPU
		{90C87572-0FA8-4410-8ED3-170591015DF4}.Release|Any CPU.Build.0 = Release|Any CPU
		{E03B7C10-36CD-4C57-9B22-208AE5122101}.Debug|Any CPU.ActiveCfg = Debug|Any CPU
		{E03B7C10-36CD-4C57-9B22-208AE5122101}.Debug|Any CPU.Build.0 = Debug|Any CPU
		{E03B7C10-36CD-4C57-9B22-208AE5122101}.Release|Any CPU.ActiveCfg = Release|Any CPU
		{E03B7C10-36CD-4C57-9B22-208AE5122101}.Release|Any CPU.Build.0 = Release|Any CPU
		{B1DD3709-E052-4875-AC2F-FF1573B34E6E}.Debug|Any CPU.ActiveCfg = Debug|Any CPU
		{B1DD3709-E052-4875-AC2F-FF1573B34E6E}.Debug|Any CPU.Build.0 = Debug|Any CPU
		{B1DD3709-E052-4875-AC2F-FF1573B34E6E}.Release|Any CPU.ActiveCfg = Release|Any CPU
		{B1DD3709-E052-4875-AC2F-FF1573B34E6E}.Release|Any CPU.Build.0 = Release|Any CPU
		{47FEE82C-AB37-43E1-8D61-FCA57FB8E686}.Debug|Any CPU.ActiveCfg = Debug|Any CPU
		{47FEE82C-AB37-43E1-8D61-FCA57FB8E686}.Debug|Any CPU.Build.0 = Debug|Any CPU
		{47FEE82C-AB37-43E1-8D61-FCA57FB8E686}.Release|Any CPU.ActiveCfg = Release|Any CPU
		{47FEE82C-AB37-43E1-8D61-FCA57FB8E686}.Release|Any CPU.Build.0 = Release|Any CPU
		{38FFD6CE-8F92-41CA-96ED-6D8E2A2211CB}.Debug|Any CPU.ActiveCfg = Debug|Any CPU
		{38FFD6CE-8F92-41CA-96ED-6D8E2A2211CB}.Debug|Any CPU.Build.0 = Debug|Any CPU
		{38FFD6CE-8F92-41CA-96ED-6D8E2A2211CB}.Release|Any CPU.ActiveCfg = Release|Any CPU
		{38FFD6CE-8F92-41CA-96ED-6D8E2A2211CB}.Release|Any CPU.Build.0 = Release|Any CPU
		{7CC8C913-766D-4D43-B578-E435319BEEE2}.Debug|Any CPU.ActiveCfg = Debug|Any CPU
		{7CC8C913-766D-4D43-B578-E435319BEEE2}.Debug|Any CPU.Build.0 = Debug|Any CPU
		{7CC8C913-766D-4D43-B578-E435319BEEE2}.Release|Any CPU.ActiveCfg = Release|Any CPU
		{7CC8C913-766D-4D43-B578-E435319BEEE2}.Release|Any CPU.Build.0 = Release|Any CPU
		{81F40B99-BC97-4AE1-AA93-6299958B5ADE}.Debug|Any CPU.ActiveCfg = Debug|Any CPU
		{81F40B99-BC97-4AE1-AA93-6299958B5ADE}.Debug|Any CPU.Build.0 = Debug|Any CPU
		{81F40B99-BC97-4AE1-AA93-6299958B5ADE}.Release|Any CPU.ActiveCfg = Release|Any CPU
		{81F40B99-BC97-4AE1-AA93-6299958B5ADE}.Release|Any CPU.Build.0 = Release|Any CPU
		{CF1BE4C4-40FF-42A9-8DDC-86FF2EEF8906}.Debug|Any CPU.ActiveCfg = Debug|Any CPU
		{CF1BE4C4-40FF-42A9-8DDC-86FF2EEF8906}.Debug|Any CPU.Build.0 = Debug|Any CPU
		{CF1BE4C4-40FF-42A9-8DDC-86FF2EEF8906}.Release|Any CPU.ActiveCfg = Release|Any CPU
		{CF1BE4C4-40FF-42A9-8DDC-86FF2EEF8906}.Release|Any CPU.Build.0 = Release|Any CPU
		{185BC3AE-7B5F-406D-814C-C615AA38FA91}.Debug|Any CPU.ActiveCfg = Debug|Any CPU
		{185BC3AE-7B5F-406D-814C-C615AA38FA91}.Debug|Any CPU.Build.0 = Debug|Any CPU
		{185BC3AE-7B5F-406D-814C-C615AA38FA91}.Release|Any CPU.ActiveCfg = Release|Any CPU
		{185BC3AE-7B5F-406D-814C-C615AA38FA91}.Release|Any CPU.Build.0 = Release|Any CPU
		{C63259AD-A400-437F-9A2E-094557EF8BD7}.Debug|Any CPU.ActiveCfg = Debug|Any CPU
		{C63259AD-A400-437F-9A2E-094557EF8BD7}.Debug|Any CPU.Build.0 = Debug|Any CPU
		{C63259AD-A400-437F-9A2E-094557EF8BD7}.Release|Any CPU.ActiveCfg = Release|Any CPU
		{C63259AD-A400-437F-9A2E-094557EF8BD7}.Release|Any CPU.Build.0 = Release|Any CPU
		{50794161-C145-40EB-A34B-A19466087EE8}.Debug|Any CPU.ActiveCfg = Debug|Any CPU
		{50794161-C145-40EB-A34B-A19466087EE8}.Debug|Any CPU.Build.0 = Debug|Any CPU
		{50794161-C145-40EB-A34B-A19466087EE8}.Release|Any CPU.ActiveCfg = Release|Any CPU
		{50794161-C145-40EB-A34B-A19466087EE8}.Release|Any CPU.Build.0 = Release|Any CPU
		{1B287472-6AE0-4262-B74C-BDD0B0ED035D}.Debug|Any CPU.ActiveCfg = Debug|Any CPU
		{1B287472-6AE0-4262-B74C-BDD0B0ED035D}.Debug|Any CPU.Build.0 = Debug|Any CPU
		{1B287472-6AE0-4262-B74C-BDD0B0ED035D}.Release|Any CPU.ActiveCfg = Release|Any CPU
		{1B287472-6AE0-4262-B74C-BDD0B0ED035D}.Release|Any CPU.Build.0 = Release|Any CPU
		{DEBB199D-941F-4BAC-A865-2E260CB9EB22}.Debug|Any CPU.ActiveCfg = Debug|Any CPU
		{DEBB199D-941F-4BAC-A865-2E260CB9EB22}.Debug|Any CPU.Build.0 = Debug|Any CPU
		{DEBB199D-941F-4BAC-A865-2E260CB9EB22}.Release|Any CPU.ActiveCfg = Release|Any CPU
		{DEBB199D-941F-4BAC-A865-2E260CB9EB22}.Release|Any CPU.Build.0 = Release|Any CPU
		{CA5B0CA9-0565-47FE-8954-6BA75092C008}.Debug|Any CPU.ActiveCfg = Debug|Any CPU
		{CA5B0CA9-0565-47FE-8954-6BA75092C008}.Debug|Any CPU.Build.0 = Debug|Any CPU
		{CA5B0CA9-0565-47FE-8954-6BA75092C008}.Release|Any CPU.ActiveCfg = Release|Any CPU
		{CA5B0CA9-0565-47FE-8954-6BA75092C008}.Release|Any CPU.Build.0 = Release|Any CPU
		{3E5E60F0-F105-473A-9E14-D049746ABF92}.Debug|Any CPU.ActiveCfg = Debug|Any CPU
		{3E5E60F0-F105-473A-9E14-D049746ABF92}.Debug|Any CPU.Build.0 = Debug|Any CPU
		{3E5E60F0-F105-473A-9E14-D049746ABF92}.Release|Any CPU.ActiveCfg = Release|Any CPU
		{3E5E60F0-F105-473A-9E14-D049746ABF92}.Release|Any CPU.Build.0 = Release|Any CPU
		{4F36345A-55DB-4CE5-9E03-0ABB881A2578}.Debug|Any CPU.ActiveCfg = Debug|Any CPU
		{4F36345A-55DB-4CE5-9E03-0ABB881A2578}.Debug|Any CPU.Build.0 = Debug|Any CPU
		{4F36345A-55DB-4CE5-9E03-0ABB881A2578}.Release|Any CPU.ActiveCfg = Release|Any CPU
		{4F36345A-55DB-4CE5-9E03-0ABB881A2578}.Release|Any CPU.Build.0 = Release|Any CPU
		{5379D10C-C2C5-45AA-B685-26C54DEC1341}.Debug|Any CPU.ActiveCfg = Debug|Any CPU
		{5379D10C-C2C5-45AA-B685-26C54DEC1341}.Debug|Any CPU.Build.0 = Debug|Any CPU
		{5379D10C-C2C5-45AA-B685-26C54DEC1341}.Release|Any CPU.ActiveCfg = Release|Any CPU
		{5379D10C-C2C5-45AA-B685-26C54DEC1341}.Release|Any CPU.Build.0 = Release|Any CPU
		{2A9BD79A-4A8D-4216-8EB7-1864B5C204E6}.Debug|Any CPU.ActiveCfg = Debug|Any CPU
		{2A9BD79A-4A8D-4216-8EB7-1864B5C204E6}.Debug|Any CPU.Build.0 = Debug|Any CPU
		{2A9BD79A-4A8D-4216-8EB7-1864B5C204E6}.Release|Any CPU.ActiveCfg = Release|Any CPU
		{2A9BD79A-4A8D-4216-8EB7-1864B5C204E6}.Release|Any CPU.Build.0 = Release|Any CPU
		{BE58576E-BD73-4BDE-A989-7D406F46D52F}.Debug|Any CPU.ActiveCfg = Debug|Any CPU
		{BE58576E-BD73-4BDE-A989-7D406F46D52F}.Debug|Any CPU.Build.0 = Debug|Any CPU
		{BE58576E-BD73-4BDE-A989-7D406F46D52F}.Release|Any CPU.ActiveCfg = Release|Any CPU
		{BE58576E-BD73-4BDE-A989-7D406F46D52F}.Release|Any CPU.Build.0 = Release|Any CPU
		{BCDAC9D0-CC66-42A1-90F6-84E232855FB3}.Debug|Any CPU.ActiveCfg = Debug|Any CPU
		{BCDAC9D0-CC66-42A1-90F6-84E232855FB3}.Debug|Any CPU.Build.0 = Debug|Any CPU
		{BCDAC9D0-CC66-42A1-90F6-84E232855FB3}.Release|Any CPU.ActiveCfg = Release|Any CPU
		{BCDAC9D0-CC66-42A1-90F6-84E232855FB3}.Release|Any CPU.Build.0 = Release|Any CPU
		{859522D7-D484-4B33-B96C-A27538387DC5}.Debug|Any CPU.ActiveCfg = Debug|Any CPU
		{859522D7-D484-4B33-B96C-A27538387DC5}.Debug|Any CPU.Build.0 = Debug|Any CPU
		{859522D7-D484-4B33-B96C-A27538387DC5}.Release|Any CPU.ActiveCfg = Release|Any CPU
		{859522D7-D484-4B33-B96C-A27538387DC5}.Release|Any CPU.Build.0 = Release|Any CPU
		{DCE9948F-3B09-4CB8-A0A8-984FC28E654B}.Debug|Any CPU.ActiveCfg = Debug|Any CPU
		{DCE9948F-3B09-4CB8-A0A8-984FC28E654B}.Debug|Any CPU.Build.0 = Debug|Any CPU
		{DCE9948F-3B09-4CB8-A0A8-984FC28E654B}.Release|Any CPU.ActiveCfg = Release|Any CPU
		{DCE9948F-3B09-4CB8-A0A8-984FC28E654B}.Release|Any CPU.Build.0 = Release|Any CPU
		{840C0D48-650F-420A-8C44-9D46BAB85217}.Debug|Any CPU.ActiveCfg = Debug|Any CPU
		{840C0D48-650F-420A-8C44-9D46BAB85217}.Debug|Any CPU.Build.0 = Debug|Any CPU
		{840C0D48-650F-420A-8C44-9D46BAB85217}.Release|Any CPU.ActiveCfg = Release|Any CPU
		{840C0D48-650F-420A-8C44-9D46BAB85217}.Release|Any CPU.Build.0 = Release|Any CPU
		{58DBA93A-F71F-4E4A-BE7E-BA54BD83221C}.Debug|Any CPU.ActiveCfg = Debug|Any CPU
		{58DBA93A-F71F-4E4A-BE7E-BA54BD83221C}.Debug|Any CPU.Build.0 = Debug|Any CPU
		{58DBA93A-F71F-4E4A-BE7E-BA54BD83221C}.Release|Any CPU.ActiveCfg = Release|Any CPU
		{40D11993-3EC1-42E9-8E8F-45AF41DD6BD5}.Debug|Any CPU.ActiveCfg = Debug|Any CPU
		{40D11993-3EC1-42E9-8E8F-45AF41DD6BD5}.Debug|Any CPU.Build.0 = Debug|Any CPU
		{40D11993-3EC1-42E9-8E8F-45AF41DD6BD5}.Release|Any CPU.ActiveCfg = Release|Any CPU
		{40D11993-3EC1-42E9-8E8F-45AF41DD6BD5}.Release|Any CPU.Build.0 = Release|Any CPU
		{B6F4C955-D1A3-4248-BDE7-4A67748705F0}.Debug|Any CPU.ActiveCfg = Debug|Any CPU
		{B6F4C955-D1A3-4248-BDE7-4A67748705F0}.Debug|Any CPU.Build.0 = Debug|Any CPU
		{B6F4C955-D1A3-4248-BDE7-4A67748705F0}.Release|Any CPU.ActiveCfg = Release|Any CPU
		{B6F4C955-D1A3-4248-BDE7-4A67748705F0}.Release|Any CPU.Build.0 = Release|Any CPU
		{F3008B2C-CAA2-4238-A128-616EEBD5A7B1}.Debug|Any CPU.ActiveCfg = Debug|Any CPU
		{F3008B2C-CAA2-4238-A128-616EEBD5A7B1}.Debug|Any CPU.Build.0 = Debug|Any CPU
		{F3008B2C-CAA2-4238-A128-616EEBD5A7B1}.Release|Any CPU.ActiveCfg = Release|Any CPU
		{F3008B2C-CAA2-4238-A128-616EEBD5A7B1}.Release|Any CPU.Build.0 = Release|Any CPU
		{1078CDDE-1605-4DBA-B22D-C8D056795668}.Debug|Any CPU.ActiveCfg = Debug|Any CPU
		{1078CDDE-1605-4DBA-B22D-C8D056795668}.Debug|Any CPU.Build.0 = Debug|Any CPU
		{1078CDDE-1605-4DBA-B22D-C8D056795668}.Release|Any CPU.ActiveCfg = Release|Any CPU
		{1078CDDE-1605-4DBA-B22D-C8D056795668}.Release|Any CPU.Build.0 = Release|Any CPU
	EndGlobalSection
	GlobalSection(SolutionProperties) = preSolution
		HideSolutionNode = FALSE
	EndGlobalSection
	GlobalSection(ExtensibilityGlobals) = postSolution
		SolutionGuid = {C4B5C198-66E5-412C-828D-CDE0E662AF24}
	EndGlobalSection
EndGlobal
